
Microsoft Visual Studio Solution File, Format Version 12.00
# Visual Studio Version 16
VisualStudioVersion = 16.0.29806.167
MinimumVisualStudioVersion = 10.0.40219.1
Project("{9A19103F-16F7-4668-BE54-9A1E7A4F7556}") = "eShopSolution.WebApp", "eShopSolution.WebApp\eShopSolution.WebApp.csproj", "{F955F8C2-AE00-41B9-A557-CBCA556883AB}"
EndProject
Project("{2150E333-8FDC-42A3-9474-1A3956D46DE8}") = "Solution Items", "Solution Items", "{B5EC24E4-233A-48F1-BE26-C192A297A751}"
	ProjectSection(SolutionItems) = preProject
		README.md = README.md
	EndProjectSection
EndProject
Project("{9A19103F-16F7-4668-BE54-9A1E7A4F7556}") = "eShopSolution.Data", "eShopSolution.Data\eShopSolution.Data.csproj", "{655DFBE1-0DCC-428B-B0ED-55193B203836}"
EndProject
Project("{9A19103F-16F7-4668-BE54-9A1E7A4F7556}") = "eShopSolution.Application", "eShopSolution.Application\eShopSolution.Application.csproj", "{114E1C8F-F758-4CA7-B39A-A479C3B1FC2C}"
EndProject
Project("{9A19103F-16F7-4668-BE54-9A1E7A4F7556}") = "eShopSolution.Utilities", "eShopSolution.Utilities\eShopSolution.Utilities.csproj", "{2768D173-4EBC-4980-B5FD-9992657791A9}"
EndProject
Project("{9A19103F-16F7-4668-BE54-9A1E7A4F7556}") = "eShopSolution.ViewModels", "EShopSolution.ViewModels\eShopSolution.ViewModels.csproj", "{774E7D77-3F61-4805-88E1-DD84F1E618A5}"
EndProject
Project("{FAE04EC0-301F-11D3-BF4B-00C04F79EFBC}") = "eShopSolution.BackendApi", "eShopSolution.BackendApi\eShopSolution.BackendApi.csproj", "{4C45F597-497B-4384-8F9C-B2D586484198}"
EndProject
Global
	GlobalSection(SolutionConfigurationPlatforms) = preSolution
		Debug|Any CPU = Debug|Any CPU
		Release|Any CPU = Release|Any CPU
	EndGlobalSection
	GlobalSection(ProjectConfigurationPlatforms) = postSolution
		{F955F8C2-AE00-41B9-A557-CBCA556883AB}.Debug|Any CPU.ActiveCfg = Debug|Any CPU
		{F955F8C2-AE00-41B9-A557-CBCA556883AB}.Debug|Any CPU.Build.0 = Debug|Any CPU
		{F955F8C2-AE00-41B9-A557-CBCA556883AB}.Release|Any CPU.ActiveCfg = Release|Any CPU
		{F955F8C2-AE00-41B9-A557-CBCA556883AB}.Release|Any CPU.Build.0 = Release|Any CPU
		{655DFBE1-0DCC-428B-B0ED-55193B203836}.Debug|Any CPU.ActiveCfg = Debug|Any CPU
		{655DFBE1-0DCC-428B-B0ED-55193B203836}.Debug|Any CPU.Build.0 = Debug|Any CPU
		{655DFBE1-0DCC-428B-B0ED-55193B203836}.Release|Any CPU.ActiveCfg = Release|Any CPU
		{655DFBE1-0DCC-428B-B0ED-55193B203836}.Release|Any CPU.Build.0 = Release|Any CPU
		{114E1C8F-F758-4CA7-B39A-A479C3B1FC2C}.Debug|Any CPU.ActiveCfg = Debug|Any CPU
		{114E1C8F-F758-4CA7-B39A-A479C3B1FC2C}.Debug|Any CPU.Build.0 = Debug|Any CPU
		{114E1C8F-F758-4CA7-B39A-A479C3B1FC2C}.Release|Any CPU.ActiveCfg = Release|Any CPU
		{114E1C8F-F758-4CA7-B39A-A479C3B1FC2C}.Release|Any CPU.Build.0 = Release|Any CPU
		{2768D173-4EBC-4980-B5FD-9992657791A9}.Debug|Any CPU.ActiveCfg = Debug|Any CPU
		{2768D173-4EBC-4980-B5FD-9992657791A9}.Debug|Any CPU.Build.0 = Debug|Any CPU
		{2768D173-4EBC-4980-B5FD-9992657791A9}.Release|Any CPU.ActiveCfg = Release|Any CPU
		{2768D173-4EBC-4980-B5FD-9992657791A9}.Release|Any CPU.Build.0 = Release|Any CPU
		{774E7D77-3F61-4805-88E1-DD84F1E618A5}.Debug|Any CPU.ActiveCfg = Debug|Any CPU
		{774E7D77-3F61-4805-88E1-DD84F1E618A5}.Debug|Any CPU.Build.0 = Debug|Any CPU
		{774E7D77-3F61-4805-88E1-DD84F1E618A5}.Release|Any CPU.ActiveCfg = Release|Any CPU
		{774E7D77-3F61-4805-88E1-DD84F1E618A5}.Release|Any CPU.Build.0 = Release|Any CPU
		{4C45F597-497B-4384-8F9C-B2D586484198}.Debug|Any CPU.ActiveCfg = Debug|Any CPU
		{4C45F597-497B-4384-8F9C-B2D586484198}.Debug|Any CPU.Build.0 = Debug|Any CPU
		{4C45F597-497B-4384-8F9C-B2D586484198}.Release|Any CPU.ActiveCfg = Release|Any CPU
		{4C45F597-497B-4384-8F9C-B2D586484198}.Release|Any CPU.Build.0 = Release|Any CPU
	EndGlobalSection
	GlobalSection(SolutionProperties) = preSolution
		HideSolutionNode = FALSE
	EndGlobalSection
	GlobalSection(ExtensibilityGlobals) = postSolution
		SolutionGuid = {72064DFB-283C-47E7-89B5-03578A70C75D}
	EndGlobalSection
EndGlobal
